// !$*UTF8*$!
{
	archiveVersion = 1;
	classes = {
	};
	objectVersion = 55;
	objects = {

/* Begin PBXBuildFile section */
		C7952BF628AC4BB600D8E51F /* SearchBar.swift in Sources */ = {isa = PBXBuildFile; fileRef = C7952BF528AC4BB600D8E51F /* SearchBar.swift */; };
		C7952BF828AC4C1600D8E51F /* ItemView.swift in Sources */ = {isa = PBXBuildFile; fileRef = C7952BF728AC4C1600D8E51F /* ItemView.swift */; };
		C7952BFA28AD950200D8E51F /* PvPModel.swift in Sources */ = {isa = PBXBuildFile; fileRef = C7952BF928AD950200D8E51F /* PvPModel.swift */; };
		C7952C0028AD9C0D00D8E51F /* JSONManager.swift in Sources */ = {isa = PBXBuildFile; fileRef = C7952BFF28AD9C0D00D8E51F /* JSONManager.swift */; };
		C7952C0228AD9C6000D8E51F /* Constants.swift in Sources */ = {isa = PBXBuildFile; fileRef = C7952C0128AD9C6000D8E51F /* Constants.swift */; };
		C7952C0428ADA85400D8E51F /* CharacterEquipmentSummaryModel.swift in Sources */ = {isa = PBXBuildFile; fileRef = C7952C0328ADA85400D8E51F /* CharacterEquipmentSummaryModel.swift */; };
		C7DB16FB28A4970C001A66FD /* WoW_PvP_ArmoryApp.swift in Sources */ = {isa = PBXBuildFile; fileRef = C7DB16FA28A4970C001A66FD /* WoW_PvP_ArmoryApp.swift */; };
		C7DB16FD28A4970C001A66FD /* CharacterView.swift in Sources */ = {isa = PBXBuildFile; fileRef = C7DB16FC28A4970C001A66FD /* CharacterView.swift */; };
		C7DB16FF28A4970D001A66FD /* Assets.xcassets in Resources */ = {isa = PBXBuildFile; fileRef = C7DB16FE28A4970D001A66FD /* Assets.xcassets */; };
		C7DB170228A4970D001A66FD /* Preview Assets.xcassets in Resources */ = {isa = PBXBuildFile; fileRef = C7DB170128A4970D001A66FD /* Preview Assets.xcassets */; };
/* End PBXBuildFile section */

/* Begin PBXFileReference section */
		C7952BF528AC4BB600D8E51F /* SearchBar.swift */ = {isa = PBXFileReference; lastKnownFileType = sourcecode.swift; path = SearchBar.swift; sourceTree = "<group>"; };
		C7952BF728AC4C1600D8E51F /* ItemView.swift */ = {isa = PBXFileReference; lastKnownFileType = sourcecode.swift; path = ItemView.swift; sourceTree = "<group>"; };
		C7952BF928AD950200D8E51F /* PvPModel.swift */ = {isa = PBXFileReference; lastKnownFileType = sourcecode.swift; path = PvPModel.swift; sourceTree = "<group>"; };
		C7952BFF28AD9C0D00D8E51F /* JSONManager.swift */ = {isa = PBXFileReference; lastKnownFileType = sourcecode.swift; path = JSONManager.swift; sourceTree = "<group>"; };
		C7952C0128AD9C6000D8E51F /* Constants.swift */ = {isa = PBXFileReference; lastKnownFileType = sourcecode.swift; path = Constants.swift; sourceTree = "<group>"; };
		C7952C0328ADA85400D8E51F /* CharacterEquipmentSummaryModel.swift */ = {isa = PBXFileReference; lastKnownFileType = sourcecode.swift; path = CharacterEquipmentSummaryModel.swift; sourceTree = "<group>"; };
		C7DB16F728A4970C001A66FD /* WoW PvP Armory.app */ = {isa = PBXFileReference; explicitFileType = wrapper.application; includeInIndex = 0; path = "WoW PvP Armory.app"; sourceTree = BUILT_PRODUCTS_DIR; };
		C7DB16FA28A4970C001A66FD /* WoW_PvP_ArmoryApp.swift */ = {isa = PBXFileReference; lastKnownFileType = sourcecode.swift; path = WoW_PvP_ArmoryApp.swift; sourceTree = "<group>"; };
		C7DB16FC28A4970C001A66FD /* CharacterView.swift */ = {isa = PBXFileReference; lastKnownFileType = sourcecode.swift; path = CharacterView.swift; sourceTree = "<group>"; };
		C7DB16FE28A4970D001A66FD /* Assets.xcassets */ = {isa = PBXFileReference; lastKnownFileType = folder.assetcatalog; path = Assets.xcassets; sourceTree = "<group>"; };
		C7DB170128A4970D001A66FD /* Preview Assets.xcassets */ = {isa = PBXFileReference; lastKnownFileType = folder.assetcatalog; path = "Preview Assets.xcassets"; sourceTree = "<group>"; };
/* End PBXFileReference section */

/* Begin PBXFrameworksBuildPhase section */
		C7DB16F428A4970C001A66FD /* Frameworks */ = {
			isa = PBXFrameworksBuildPhase;
			buildActionMask = 2147483647;
			files = (
			);
			runOnlyForDeploymentPostprocessing = 0;
		};
/* End PBXFrameworksBuildPhase section */

/* Begin PBXGroup section */
		C7952BFB28AD95FB00D8E51F /* Model */ = {
			isa = PBXGroup;
			children = (
				C7952BF928AD950200D8E51F /* PvPModel.swift */,
				C7952C0328ADA85400D8E51F /* CharacterEquipmentSummaryModel.swift */,
				C7952C0128AD9C6000D8E51F /* Constants.swift */,
			);
			name = Model;
			sourceTree = "<group>";
		};
		C7952BFC28AD960700D8E51F /* View */ = {
			isa = PBXGroup;
			children = (
				C7DB16FA28A4970C001A66FD /* WoW_PvP_ArmoryApp.swift */,
				C7DB16FC28A4970C001A66FD /* CharacterView.swift */,
			);
			path = View;
			sourceTree = "<group>";
		};
		C7952BFD28AD960E00D8E51F /* View Model */ = {
			isa = PBXGroup;
			children = (
				C7952BF728AC4C1600D8E51F /* ItemView.swift */,
			);
			path = "View Model";
			sourceTree = "<group>";
		};
		C7952BFE28AD9B5C00D8E51F /* Networking */ = {
			isa = PBXGroup;
			children = (
				C7952BFF28AD9C0D00D8E51F /* JSONManager.swift */,
			);
			path = Networking;
			sourceTree = "<group>";
		};
		C7DB16EE28A4970C001A66FD = {
			isa = PBXGroup;
			children = (
				C7DB16F928A4970C001A66FD /* WoW PvP Armory */,
				C7DB16F828A4970C001A66FD /* Products */,
			);
			sourceTree = "<group>";
		};
		C7DB16F828A4970C001A66FD /* Products */ = {
			isa = PBXGroup;
			children = (
				C7DB16F728A4970C001A66FD /* WoW PvP Armory.app */,
			);
			name = Products;
			sourceTree = "<group>";
		};
		C7DB16F928A4970C001A66FD /* WoW PvP Armory */ = {
			isa = PBXGroup;
			children = (
				C7952BFE28AD9B5C00D8E51F /* Networking */,
				C7952BFB28AD95FB00D8E51F /* Model */,
				C7952BFC28AD960700D8E51F /* View */,
				C7952BFD28AD960E00D8E51F /* View Model */,
				C7952BF528AC4BB600D8E51F /* SearchBar.swift */,
				C7DB16FE28A4970D001A66FD /* Assets.xcassets */,
				C7DB170028A4970D001A66FD /* Preview Content */,
			);
			path = "WoW PvP Armory";
			sourceTree = "<group>";
		};
		C7DB170028A4970D001A66FD /* Preview Content */ = {
			isa = PBXGroup;
			children = (
				C7DB170128A4970D001A66FD /* Preview Assets.xcassets */,
			);
			path = "Preview Content";
			sourceTree = "<group>";
		};
/* End PBXGroup section */

/* Begin PBXNativeTarget section */
		C7DB16F628A4970C001A66FD /* WoW PvP Armory */ = {
			isa = PBXNativeTarget;
			buildConfigurationList = C7DB170528A4970D001A66FD /* Build configuration list for PBXNativeTarget "WoW PvP Armory" */;
			buildPhases = (
				C7DB16F328A4970C001A66FD /* Sources */,
				C7DB16F428A4970C001A66FD /* Frameworks */,
				C7DB16F528A4970C001A66FD /* Resources */,
			);
			buildRules = (
			);
			dependencies = (
			);
			name = "WoW PvP Armory";
			productName = "WoW PvP Armory";
			productReference = C7DB16F728A4970C001A66FD /* WoW PvP Armory.app */;
			productType = "com.apple.product-type.application";
		};
/* End PBXNativeTarget section */

/* Begin PBXProject section */
		C7DB16EF28A4970C001A66FD /* Project object */ = {
			isa = PBXProject;
			attributes = {
				BuildIndependentTargetsInParallel = 1;
				LastSwiftUpdateCheck = 1340;
				LastUpgradeCheck = 1340;
				TargetAttributes = {
					C7DB16F628A4970C001A66FD = {
						CreatedOnToolsVersion = 13.4.1;
					};
				};
			};
			buildConfigurationList = C7DB16F228A4970C001A66FD /* Build configuration list for PBXProject "WoW PvP Armory" */;
			compatibilityVersion = "Xcode 13.0";
			developmentRegion = en;
			hasScannedForEncodings = 0;
			knownRegions = (
				en,
				Base,
			);
			mainGroup = C7DB16EE28A4970C001A66FD;
			productRefGroup = C7DB16F828A4970C001A66FD /* Products */;
			projectDirPath = "";
			projectRoot = "";
			targets = (
				C7DB16F628A4970C001A66FD /* WoW PvP Armory */,
			);
		};
/* End PBXProject section */

/* Begin PBXResourcesBuildPhase section */
		C7DB16F528A4970C001A66FD /* Resources */ = {
			isa = PBXResourcesBuildPhase;
			buildActionMask = 2147483647;
			files = (
				C7DB170228A4970D001A66FD /* Preview Assets.xcassets in Resources */,
				C7DB16FF28A4970D001A66FD /* Assets.xcassets in Resources */,
			);
			runOnlyForDeploymentPostprocessing = 0;
		};
/* End PBXResourcesBuildPhase section */

/* Begin PBXSourcesBuildPhase section */
		C7DB16F328A4970C001A66FD /* Sources */ = {
			isa = PBXSourcesBuildPhase;
			buildActionMask = 2147483647;
			files = (
				C7DB16FD28A4970C001A66FD /* CharacterView.swift in Sources */,
				C7DB16FB28A4970C001A66FD /* WoW_PvP_ArmoryApp.swift in Sources */,
				C7952C0028AD9C0D00D8E51F /* JSONManager.swift in Sources */,
				C7952C0428ADA85400D8E51F /* CharacterEquipmentSummaryModel.swift in Sources */,
				C7952BF628AC4BB600D8E51F /* SearchBar.swift in Sources */,
				C7952C0228AD9C6000D8E51F /* Constants.swift in Sources */,
				C7952BFA28AD950200D8E51F /* PvPModel.swift in Sources */,
				C7952BF828AC4C1600D8E51F /* ItemView.swift in Sources */,
			);
			runOnlyForDeploymentPostprocessing = 0;
		};
/* End PBXSourcesBuildPhase section */

/* Begin XCBuildConfiguration section */
		C7DB170328A4970D001A66FD /* Debug */ = {
			isa = XCBuildConfiguration;
			buildSettings = {
				ALWAYS_SEARCH_USER_PATHS = NO;
				CLANG_ANALYZER_NONNULL = YES;
				CLANG_ANALYZER_NUMBER_OBJECT_CONVERSION = YES_AGGRESSIVE;
				CLANG_CXX_LANGUAGE_STANDARD = "gnu++17";
				CLANG_ENABLE_MODULES = YES;
				CLANG_ENABLE_OBJC_ARC = YES;
				CLANG_ENABLE_OBJC_WEAK = YES;
				CLANG_WARN_BLOCK_CAPTURE_AUTORELEASING = YES;
				CLANG_WARN_BOOL_CONVERSION = YES;
				CLANG_WARN_COMMA = YES;
				CLANG_WARN_CONSTANT_CONVERSION = YES;
				CLANG_WARN_DEPRECATED_OBJC_IMPLEMENTATIONS = YES;
				CLANG_WARN_DIRECT_OBJC_ISA_USAGE = YES_ERROR;
				CLANG_WARN_DOCUMENTATION_COMMENTS = YES;
				CLANG_WARN_EMPTY_BODY = YES;
				CLANG_WARN_ENUM_CONVERSION = YES;
				CLANG_WARN_INFINITE_RECURSION = YES;
				CLANG_WARN_INT_CONVERSION = YES;
				CLANG_WARN_NON_LITERAL_NULL_CONVERSION = YES;
				CLANG_WARN_OBJC_IMPLICIT_RETAIN_SELF = YES;
				CLANG_WARN_OBJC_LITERAL_CONVERSION = YES;
				CLANG_WARN_OBJC_ROOT_CLASS = YES_ERROR;
				CLANG_WARN_QUOTED_INCLUDE_IN_FRAMEWORK_HEADER = YES;
				CLANG_WARN_RANGE_LOOP_ANALYSIS = YES;
				CLANG_WARN_STRICT_PROTOTYPES = YES;
				CLANG_WARN_SUSPICIOUS_MOVE = YES;
				CLANG_WARN_UNGUARDED_AVAILABILITY = YES_AGGRESSIVE;
				CLANG_WARN_UNREACHABLE_CODE = YES;
				CLANG_WARN__DUPLICATE_METHOD_MATCH = YES;
				COPY_PHASE_STRIP = NO;
				DEBUG_INFORMATION_FORMAT = dwarf;
				ENABLE_STRICT_OBJC_MSGSEND = YES;
				ENABLE_TESTABILITY = YES;
				GCC_C_LANGUAGE_STANDARD = gnu11;
				GCC_DYNAMIC_NO_PIC = NO;
				GCC_NO_COMMON_BLOCKS = YES;
				GCC_OPTIMIZATION_LEVEL = 0;
				GCC_PREPROCESSOR_DEFINITIONS = (
					"DEBUG=1",
					"$(inherited)",
				);
				GCC_WARN_64_TO_32_BIT_CONVERSION = YES;
				GCC_WARN_ABOUT_RETURN_TYPE = YES_ERROR;
				GCC_WARN_UNDECLARED_SELECTOR = YES;
				GCC_WARN_UNINITIALIZED_AUTOS = YES_AGGRESSIVE;
				GCC_WARN_UNUSED_FUNCTION = YES;
				GCC_WARN_UNUSED_VARIABLE = YES;
				IPHONEOS_DEPLOYMENT_TARGET = 15.5;
				MTL_ENABLE_DEBUG_INFO = INCLUDE_SOURCE;
				MTL_FAST_MATH = YES;
				ONLY_ACTIVE_ARCH = YES;
				SDKROOT = iphoneos;
				SWIFT_ACTIVE_COMPILATION_CONDITIONS = DEBUG;
				SWIFT_OPTIMIZATION_LEVEL = "-Onone";
			};
			name = Debug;
		};
		C7DB170428A4970D001A66FD /* Release */ = {
			isa = XCBuildConfiguration;
			buildSettings = {
				ALWAYS_SEARCH_USER_PATHS = NO;
				CLANG_ANALYZER_NONNULL = YES;
				CLANG_ANALYZER_NUMBER_OBJECT_CONVERSION = YES_AGGRESSIVE;
				CLANG_CXX_LANGUAGE_STANDARD = "gnu++17";
				CLANG_ENABLE_MODULES = YES;
				CLANG_ENABLE_OBJC_ARC = YES;
				CLANG_ENABLE_OBJC_WEAK = YES;
				CLANG_WARN_BLOCK_CAPTURE_AUTORELEASING = YES;
				CLANG_WARN_BOOL_CONVERSION = YES;
				CLANG_WARN_COMMA = YES;
				CLANG_WARN_CONSTANT_CONVERSION = YES;
				CLANG_WARN_DEPRECATED_OBJC_IMPLEMENTATIONS = YES;
				CLANG_WARN_DIRECT_OBJC_ISA_USAGE = YES_ERROR;
				CLANG_WARN_DOCUMENTATION_COMMENTS = YES;
				CLANG_WARN_EMPTY_BODY = YES;
				CLANG_WARN_ENUM_CONVERSION = YES;
				CLANG_WARN_INFINITE_RECURSION = YES;
				CLANG_WARN_INT_CONVERSION = YES;
				CLANG_WARN_NON_LITERAL_NULL_CONVERSION = YES;
				CLANG_WARN_OBJC_IMPLICIT_RETAIN_SELF = YES;
				CLANG_WARN_OBJC_LITERAL_CONVERSION = YES;
				CLANG_WARN_OBJC_ROOT_CLASS = YES_ERROR;
				CLANG_WARN_QUOTED_INCLUDE_IN_FRAMEWORK_HEADER = YES;
				CLANG_WARN_RANGE_LOOP_ANALYSIS = YES;
				CLANG_WARN_STRICT_PROTOTYPES = YES;
				CLANG_WARN_SUSPICIOUS_MOVE = YES;
				CLANG_WARN_UNGUARDED_AVAILABILITY = YES_AGGRESSIVE;
				CLANG_WARN_UNREACHABLE_CODE = YES;
				CLANG_WARN__DUPLICATE_METHOD_MATCH = YES;
				COPY_PHASE_STRIP = NO;
				DEBUG_INFORMATION_FORMAT = "dwarf-with-dsym";
				ENABLE_NS_ASSERTIONS = NO;
				ENABLE_STRICT_OBJC_MSGSEND = YES;
				GCC_C_LANGUAGE_STANDARD = gnu11;
				GCC_NO_COMMON_BLOCKS = YES;
				GCC_WARN_64_TO_32_BIT_CONVERSION = YES;
				GCC_WARN_ABOUT_RETURN_TYPE = YES_ERROR;
				GCC_WARN_UNDECLARED_SELECTOR = YES;
				GCC_WARN_UNINITIALIZED_AUTOS = YES_AGGRESSIVE;
				GCC_WARN_UNUSED_FUNCTION = YES;
				GCC_WARN_UNUSED_VARIABLE = YES;
				IPHONEOS_DEPLOYMENT_TARGET = 15.5;
				MTL_ENABLE_DEBUG_INFO = NO;
				MTL_FAST_MATH = YES;
				SDKROOT = iphoneos;
				SWIFT_COMPILATION_MODE = wholemodule;
				SWIFT_OPTIMIZATION_LEVEL = "-O";
				VALIDATE_PRODUCT = YES;
			};
			name = Release;
		};
		C7DB170628A4970D001A66FD /* Debug */ = {
			isa = XCBuildConfiguration;
			buildSettings = {
				ASSETCATALOG_COMPILER_APPICON_NAME = AppIcon;
				ASSETCATALOG_COMPILER_GLOBAL_ACCENT_COLOR_NAME = AccentColor;
				CODE_SIGN_STYLE = Automatic;
				CURRENT_PROJECT_VERSION = 1;
				DEVELOPMENT_ASSET_PATHS = "\"WoW PvP Armory/Preview Content\"";
				DEVELOPMENT_TEAM = E7DB2AD65D;
				ENABLE_PREVIEWS = YES;
				GENERATE_INFOPLIST_FILE = YES;
				INFOPLIST_KEY_UIApplicationSceneManifest_Generation = YES;
				INFOPLIST_KEY_UIApplicationSupportsIndirectInputEvents = YES;
				INFOPLIST_KEY_UILaunchScreen_Generation = YES;
				INFOPLIST_KEY_UISupportedInterfaceOrientations_iPad = "UIInterfaceOrientationPortrait UIInterfaceOrientationPortraitUpsideDown UIInterfaceOrientationLandscapeLeft UIInterfaceOrientationLandscapeRight";
				INFOPLIST_KEY_UISupportedInterfaceOrientations_iPhone = "UIInterfaceOrientationPortrait UIInterfaceOrientationLandscapeLeft UIInterfaceOrientationLandscapeRight";
				LD_RUNPATH_SEARCH_PATHS = (
					"$(inherited)",
					"@executable_path/Frameworks",
				);
				MARKETING_VERSION = 1.0;
				PRODUCT_BUNDLE_IDENTIFIER = "com.examplejojo.WoW-PvP-Armory";
				PRODUCT_NAME = "$(TARGET_NAME)";
				SWIFT_EMIT_LOC_STRINGS = YES;
				SWIFT_VERSION = 5.0;
				TARGETED_DEVICE_FAMILY = "1,2";
			};
			name = Debug;
		};
		C7DB170728A4970D001A66FD /* Release */ = {
			isa = XCBuildConfiguration;
			buildSettings = {
				ASSETCATALOG_COMPILER_APPICON_NAME = AppIcon;
				ASSETCATALOG_COMPILER_GLOBAL_ACCENT_COLOR_NAME = AccentColor;
				CODE_SIGN_STYLE = Automatic;
				CURRENT_PROJECT_VERSION = 1;
				DEVELOPMENT_ASSET_PATHS = "\"WoW PvP Armory/Preview Content\"";
				DEVELOPMENT_TEAM = E7DB2AD65D;
				ENABLE_PREVIEWS = YES;
				GENERATE_INFOPLIST_FILE = YES;
				INFOPLIST_KEY_UIApplicationSceneManifest_Generation = YES;
				INFOPLIST_KEY_UIApplicationSupportsIndirectInputEvents = YES;
				INFOPLIST_KEY_UILaunchScreen_Generation = YES;
				INFOPLIST_KEY_UISupportedInterfaceOrientations_iPad = "UIInterfaceOrientationPortrait UIInterfaceOrientationPortraitUpsideDown UIInterfaceOrientationLandscapeLeft UIInterfaceOrientationLandscapeRight";
				INFOPLIST_KEY_UISupportedInterfaceOrientations_iPhone = "UIInterfaceOrientationPortrait UIInterfaceOrientationLandscapeLeft UIInterfaceOrientationLandscapeRight";
				LD_RUNPATH_SEARCH_PATHS = (
					"$(inherited)",
					"@executable_path/Frameworks",
				);
				MARKETING_VERSION = 1.0;
				PRODUCT_BUNDLE_IDENTIFIER = "com.examplejojo.WoW-PvP-Armory";
				PRODUCT_NAME = "$(TARGET_NAME)";
				SWIFT_EMIT_LOC_STRINGS = YES;
				SWIFT_VERSION = 5.0;
				TARGETED_DEVICE_FAMILY = "1,2";
			};
			name = Release;
		};
/* End XCBuildConfiguration section */

/* Begin XCConfigurationList section */
		C7DB16F228A4970C001A66FD /* Build configuration list for PBXProject "WoW PvP Armory" */ = {
			isa = XCConfigurationList;
			buildConfigurations = (
				C7DB170328A4970D001A66FD /* Debug */,
				C7DB170428A4970D001A66FD /* Release */,
			);
			defaultConfigurationIsVisible = 0;
			defaultConfigurationName = Release;
		};
		C7DB170528A4970D001A66FD /* Build configuration list for PBXNativeTarget "WoW PvP Armory" */ = {
			isa = XCConfigurationList;
			buildConfigurations = (
				C7DB170628A4970D001A66FD /* Debug */,
				C7DB170728A4970D001A66FD /* Release */,
			);
			defaultConfigurationIsVisible = 0;
			defaultConfigurationName = Release;
		};
/* End XCConfigurationList section */
	};
	rootObject = C7DB16EF28A4970C001A66FD /* Project object */;
}
